<?xml version="1.0" encoding="utf-8"?>
<Project ToolsVersion="4.0" xmlns="http://schemas.microsoft.com/developer/msbuild/2003">
  <ItemGroup>
    <Filter Include="Arquivos de Origem">
      <UniqueIdentifier>{4FC737F1-C7A5-4376-A066-2A32D752A2FF}</UniqueIdentifier>
      <Extensions>cpp;c;cc;cxx;c++;cppm;ixx;def;odl;idl;hpj;bat;asm;asmx</Extensions>
    </Filter>
    <Filter Include="Arquivos de Cabeçalho">
      <UniqueIdentifier>{93995380-89BD-4b04-88EB-625FBE52EBFB}</UniqueIdentifier>
      <Extensions>h;hh;hpp;hxx;h++;hm;inl;inc;ipp;xsd</Extensions>
    </Filter>
    <Filter Include="Arquivos de Recurso">
      <UniqueIdentifier>{67DA6AB6-F800-4c08-8B7A-83BB121AAD01}</UniqueIdentifier>
      <Extensions>rc;ico;cur;bmp;dlg;rc2;rct;bin;rgs;gif;jpg;jpeg;jpe;resx;tiff;tif;png;wav;mfcribbon-ms</Extensions>
    </Filter>
  </ItemGroup>
  <ItemGroup>
    <ClCompile Include="main.cpp">
      <Filter>Arquivos de Origem</Filter>
    </ClCompile>
    <ClCompile Include="Jogo.cpp">
      <Filter>Arquivos de Origem</Filter>
    </ClCompile>
    <ClCompile Include="Entidade.cpp">
      <Filter>Arquivos de Origem</Filter>
    </ClCompile>
    <ClCompile Include="ListaEntidades.cpp">
      <Filter>Arquivos de Origem</Filter>
    </ClCompile>
    <ClCompile Include="Personagem.cpp">
      <Filter>Arquivos de Origem</Filter>
    </ClCompile>
    <ClCompile Include="GerenciadorColisoes.cpp">
      <Filter>Arquivos de Origem</Filter>
    </ClCompile>
    <ClCompile Include="Jogador.cpp">
      <Filter>Arquivos de Origem</Filter>
    </ClCompile>
    <ClCompile Include="Ente.cpp">
      <Filter>Arquivos de Origem</Filter>
    </ClCompile>
    <ClCompile Include="Obstaculo.cpp">
      <Filter>Arquivos de Origem</Filter>
    </ClCompile>
    <ClCompile Include="Inimigo.cpp">
      <Filter>Arquivos de Origem</Filter>
    </ClCompile>
    <ClCompile Include="Fase.cpp">
      <Filter>Arquivos de Origem</Filter>
    </ClCompile>
    <ClCompile Include="GerenciadorGrafico.cpp">
      <Filter>Arquivos de Origem</Filter>
    </ClCompile>
    <ClCompile Include="Espinho.cpp">
      <Filter>Arquivos de Origem</Filter>
    </ClCompile>
    <ClCompile Include="Plataforma.cpp">
      <Filter>Arquivos de Origem</Filter>
    </ClCompile>
    <ClCompile Include="Gosma.cpp">
      <Filter>Arquivos de Origem</Filter>
    </ClCompile>
    <ClCompile Include="Torrada.cpp">
      <Filter>Arquivos de Origem</Filter>
    </ClCompile>
    <ClCompile Include="Caveira.cpp">
      <Filter>Arquivos de Origem</Filter>
    </ClCompile>
    <ClCompile Include="Fase1.cpp">
      <Filter>Arquivos de Origem</Filter>
    </ClCompile>
    <ClCompile Include="Fase2.cpp">
      <Filter>Arquivos de Origem</Filter>
    </ClCompile>
    <ClCompile Include="Projetil.cpp">
      <Filter>Arquivos de Origem</Filter>
    </ClCompile>
    <ClCompile Include="Mago.cpp">
      <Filter>Arquivos de Origem</Filter>
    </ClCompile>
    <ClCompile Include="Menu.cpp">
      <Filter>Arquivos de Origem</Filter>
    </ClCompile>
    <ClCompile Include="Texto.cpp">
      <Filter>Arquivos de Origem</Filter>
    </ClCompile>
    <ClCompile Include="Animacao.cpp">
      <Filter>Arquivos de Origem</Filter>
    </ClCompile>
    <ClCompile Include="MenuDeFases.cpp">
      <Filter>Arquivos de Origem</Filter>
    </ClCompile>
    <ClCompile Include="MenuNumeroJogadores.cpp">
      <Filter>Arquivos de Origem</Filter>
    </ClCompile>
    <ClCompile Include="MenuPause.cpp">
      <Filter>Arquivos de Origem</Filter>
    </ClCompile>
    <ClCompile Include="MenuPrincipal.cpp">
      <Filter>Arquivos de Origem</Filter>
    </ClCompile>
    <ClCompile Include="GerenciadorMenus.cpp">
      <Filter>Arquivos de Origem</Filter>
    </ClCompile>
    <ClCompile Include="BackGround.cpp">
      <Filter>Arquivos de Origem</Filter>
    </ClCompile>
    <ClCompile Include="MenuRanking.cpp">
      <Filter>Arquivos de Origem</Filter>
    </ClCompile>
    <ClCompile Include="MenuFimDeJogo.cpp">
      <Filter>Arquivos de Origem</Filter>
    </ClCompile>
  </ItemGroup>
  <ItemGroup>
    <ClInclude Include="Ente.h">
      <Filter>Arquivos de Cabeçalho</Filter>
    </ClInclude>
    <ClInclude Include="GerenciadorGrafico.h">
      <Filter>Arquivos de Cabeçalho</Filter>
    </ClInclude>
    <ClInclude Include="Lista.h">
      <Filter>Arquivos de Cabeçalho</Filter>
    </ClInclude>
    <ClInclude Include="ListaEntidades.h">
      <Filter>Arquivos de Cabeçalho</Filter>
    </ClInclude>
    <ClInclude Include="Fase.h">
      <Filter>Arquivos de Cabeçalho</Filter>
    </ClInclude>
    <ClInclude Include="Entidade.h">
      <Filter>Arquivos de Cabeçalho</Filter>
    </ClInclude>
    <ClInclude Include="Jogo.h">
      <Filter>Arquivos de Cabeçalho</Filter>
    </ClInclude>
    <ClInclude Include="Personagem.h">
      <Filter>Arquivos de Cabeçalho</Filter>
    </ClInclude>
    <ClInclude Include="Jogador.h">
      <Filter>Arquivos de Cabeçalho</Filter>
    </ClInclude>
    <ClInclude Include="Inimigo.h">
      <Filter>Arquivos de Cabeçalho</Filter>
    </ClInclude>
    <ClInclude Include="Obstaculo.h">
      <Filter>Arquivos de Cabeçalho</Filter>
    </ClInclude>
    <ClInclude Include="GerenciadorColisoes.h">
      <Filter>Arquivos de Cabeçalho</Filter>
    </ClInclude>
    <ClInclude Include="Plataforma.h">
      <Filter>Arquivos de Cabeçalho</Filter>
    </ClInclude>
    <ClInclude Include="Gosma.h">
      <Filter>Arquivos de Cabeçalho</Filter>
    </ClInclude>
    <ClInclude Include="Espinho.h">
      <Filter>Arquivos de Cabeçalho</Filter>
    </ClInclude>
    <ClInclude Include="Mago.h">
      <Filter>Arquivos de Cabeçalho</Filter>
    </ClInclude>
    <ClInclude Include="Torrada.h">
      <Filter>Arquivos de Cabeçalho</Filter>
    </ClInclude>
    <ClInclude Include="Caveira.h">
      <Filter>Arquivos de Cabeçalho</Filter>
    </ClInclude>
    <ClInclude Include="Projetil.h">
      <Filter>Arquivos de Cabeçalho</Filter>
    </ClInclude>
    <ClInclude Include="Fase1.h">
      <Filter>Arquivos de Cabeçalho</Filter>
    </ClInclude>
    <ClInclude Include="Fase2.h">
      <Filter>Arquivos de Cabeçalho</Filter>
    </ClInclude>
    <ClInclude Include="Menu.h">
      <Filter>Arquivos de Cabeçalho</Filter>
    </ClInclude>
    <ClInclude Include="Texto.h">
      <Filter>Arquivos de Cabeçalho</Filter>
    </ClInclude>
    <ClInclude Include="Animacao.h">
      <Filter>Arquivos de Cabeçalho</Filter>
    </ClInclude>
    <ClInclude Include="MenuDeFases.h">
      <Filter>Arquivos de Cabeçalho</Filter>
    </ClInclude>
    <ClInclude Include="MenuNumeroJogadores.h">
      <Filter>Arquivos de Cabeçalho</Filter>
    </ClInclude>
    <ClInclude Include="MenuPause.h">
      <Filter>Arquivos de Cabeçalho</Filter>
    </ClInclude>
    <ClInclude Include="MenuPrincipal.h">
      <Filter>Arquivos de Cabeçalho</Filter>
    </ClInclude>
    <ClInclude Include="GerenciadorMenus.h">
      <Filter>Arquivos de Cabeçalho</Filter>
    </ClInclude>
    <ClInclude Include="BackGround.h">
      <Filter>Arquivos de Cabeçalho</Filter>
    </ClInclude>
    <ClInclude Include="MenuRanking.h">
      <Filter>Arquivos de Cabeçalho</Filter>
    </ClInclude>
    <ClInclude Include="MenuFimDeJogo.h">
      <Filter>Arquivos de Cabeçalho</Filter>
    </ClInclude>
  </ItemGroup>
  <ItemGroup>
    <Font Include="Thalia.otf" />
  </ItemGroup>
  <ItemGroup>
    <Image Include="sneaky-toast-idle.png">
      <Filter>Arquivos de Recurso</Filter>
    </Image>
    <Image Include="Hero-walk.png">
      <Filter>Arquivos de Recurso</Filter>
    </Image>
    <Image Include="mago.png">
      <Filter>Arquivos de Recurso</Filter>
    </Image>
    <Image Include="bolaFogo.png">
      <Filter>Arquivos de Recurso</Filter>
    </Image>
    <Image Include="jog-andando.png">
      <Filter>Arquivos de Recurso</Filter>
    </Image>
    <Image Include="jog-parado.png">
      <Filter>Arquivos de Recurso</Filter>
    </Image>
    <Image Include="chaoF1.png">
      <Filter>Arquivos de Recurso</Filter>
    </Image>
    <Image Include="espinho.png">
      <Filter>Arquivos de Recurso</Filter>
    </Image>
    <Image Include="platF1.png">
      <Filter>Arquivos de Recurso</Filter>
    </Image>
    <Image Include="gosma.png">
      <Filter>Arquivos de Recurso</Filter>
    </Image>
    <Image Include="frame_00_delay-0.06s.gif">
      <Filter>Arquivos de Recurso</Filter>
    </Image>
    <Image Include="frame_01_delay-0.06s.gif">
      <Filter>Arquivos de Recurso</Filter>
    </Image>
    <Image Include="frame_02_delay-0.06s.gif">
      <Filter>Arquivos de Recurso</Filter>
    </Image>
    <Image Include="frame_03_delay-0.06s.gif">
      <Filter>Arquivos de Recurso</Filter>
    </Image>
    <Image Include="frame_04_delay-0.06s.gif">
      <Filter>Arquivos de Recurso</Filter>
    </Image>
    <Image Include="frame_05_delay-0.06s.gif">
      <Filter>Arquivos de Recurso</Filter>
    </Image>
    <Image Include="frame_06_delay-0.06s.gif">
      <Filter>Arquivos de Recurso</Filter>
    </Image>
    <Image Include="frame_07_delay-0.06s.gif">
      <Filter>Arquivos de Recurso</Filter>
    </Image>
    <Image Include="frame_08_delay-0.06s.gif">
      <Filter>Arquivos de Recurso</Filter>
    </Image>
    <Image Include="frame_09_delay-0.06s.gif">
      <Filter>Arquivos de Recurso</Filter>
    </Image>
    <Image Include="frame_10_delay-0.06s.gif">
      <Filter>Arquivos de Recurso</Filter>
    </Image>
    <Image Include="frame_11_delay-0.06s.gif">
      <Filter>Arquivos de Recurso</Filter>
    </Image>
    <Image Include="frame_12_delay-0.06s.gif">
      <Filter>Arquivos de Recurso</Filter>
    </Image>
    <Image Include="frame_13_delay-0.06s.gif">
      <Filter>Arquivos de Recurso</Filter>
    </Image>
    <Image Include="frame_14_delay-0.06s.gif">
      <Filter>Arquivos de Recurso</Filter>
    </Image>
    <Image Include="frame_15_delay-0.06s.gif">
      <Filter>Arquivos de Recurso</Filter>
    </Image>
    <Image Include="frame_16_delay-0.06s.gif">
      <Filter>Arquivos de Recurso</Filter>
    </Image>
    <Image Include="frame_17_delay-0.06s.gif">
      <Filter>Arquivos de Recurso</Filter>
    </Image>
    <Image Include="frame_18_delay-0.06s.gif">
      <Filter>Arquivos de Recurso</Filter>
    </Image>
    <Image Include="frame_19_delay-0.06s.gif">
      <Filter>Arquivos de Recurso</Filter>
    </Image>
    <Image Include="frame_20_delay-0.06s.gif">
      <Filter>Arquivos de Recurso</Filter>
    </Image>
    <Image Include="frame_21_delay-0.06s.gif">
      <Filter>Arquivos de Recurso</Filter>
    </Image>
    <Image Include="frame_22_delay-0.06s.gif">
      <Filter>Arquivos de Recurso</Filter>
    </Image>
    <Image Include="frame_23_delay-0.06s.gif">
      <Filter>Arquivos de Recurso</Filter>
    </Image>
    <Image Include="frame_24_delay-0.06s.gif">
      <Filter>Arquivos de Recurso</Filter>
    </Image>
    <Image Include="frame_25_delay-0.06s.gif">
      <Filter>Arquivos de Recurso</Filter>
    </Image>
    <Image Include="frame_26_delay-0.06s.gif">
      <Filter>Arquivos de Recurso</Filter>
    </Image>
    <Image Include="frame_27_delay-0.06s.gif">
      <Filter>Arquivos de Recurso</Filter>
    </Image>
    <Image Include="frame_28_delay-0.06s.gif">
      <Filter>Arquivos de Recurso</Filter>
    </Image>
    <Image Include="frame_29_delay-0.06s.gif">
      <Filter>Arquivos de Recurso</Filter>
    </Image>
    <Image Include="frame_30_delay-0.06s.gif">
      <Filter>Arquivos de Recurso</Filter>
    </Image>
    <Image Include="frame_31_delay-0.06s.gif">
      <Filter>Arquivos de Recurso</Filter>
    </Image>
    <Image Include="frame_32_delay-0.06s.gif">
      <Filter>Arquivos de Recurso</Filter>
    </Image>
    <Image Include="frame_33_delay-0.06s.gif">
      <Filter>Arquivos de Recurso</Filter>
    </Image>
    <Image Include="frame_34_delay-0.06s.gif">
      <Filter>Arquivos de Recurso</Filter>
    </Image>
    <Image Include="frame_35_delay-0.06s.gif">
      <Filter>Arquivos de Recurso</Filter>
    </Image>
    <Image Include="frame_36_delay-0.06s.gif">
      <Filter>Arquivos de Recurso</Filter>
    </Image>
    <Image Include="frame_37_delay-0.06s.gif">
      <Filter>Arquivos de Recurso</Filter>
    </Image>
    <Image Include="frame_38_delay-0.06s.gif">
      <Filter>Arquivos de Recurso</Filter>
    </Image>
    <Image Include="frame_39_delay-0.06s.gif">
      <Filter>Arquivos de Recurso</Filter>
    </Image>
    <Image Include="frame_31_delay-0.08s.gif">
      <Filter>Arquivos de Recurso</Filter>
    </Image>
    <Image Include="frame_31_delay-0.06s.jpg">
      <Filter>Arquivos de Recurso</Filter>
    </Image>
    <Image Include="frame_30_delay-0.06s.jpg">
      <Filter>Arquivos de Recurso</Filter>
    </Image>
    <Image Include="frame_29_delay-0.06s.jpg">
      <Filter>Arquivos de Recurso</Filter>
    </Image>
    <Image Include="frame_28_delay-0.06s.jpg">
      <Filter>Arquivos de Recurso</Filter>
    </Image>
    <Image Include="frame_27_delay-0.06s.jpg">
      <Filter>Arquivos de Recurso</Filter>
    </Image>
    <Image Include="frame_26_delay-0.06s.jpg">
      <Filter>Arquivos de Recurso</Filter>
    </Image>
    <Image Include="frame_25_delay-0.06s.jpg">
      <Filter>Arquivos de Recurso</Filter>
    </Image>
    <Image Include="frame_24_delay-0.06s.jpg">
      <Filter>Arquivos de Recurso</Filter>
    </Image>
    <Image Include="frame_23_delay-0.06s.jpg">
      <Filter>Arquivos de Recurso</Filter>
    </Image>
    <Image Include="frame_22_delay-0.06s.jpg">
      <Filter>Arquivos de Recurso</Filter>
    </Image>
    <Image Include="frame_21_delay-0.06s.jpg">
      <Filter>Arquivos de Recurso</Filter>
    </Image>
    <Image Include="frame_20_delay-0.06s.jpg">
      <Filter>Arquivos de Recurso</Filter>
    </Image>
    <Image Include="frame_19_delay-0.06s.jpg">
      <Filter>Arquivos de Recurso</Filter>
    </Image>
    <Image Include="frame_18_delay-0.06s.jpg">
      <Filter>Arquivos de Recurso</Filter>
    </Image>
    <Image Include="frame_17_delay-0.06s.jpg">
      <Filter>Arquivos de Recurso</Filter>
    </Image>
    <Image Include="frame_16_delay-0.06s.jpg">
      <Filter>Arquivos de Recurso</Filter>
    </Image>
    <Image Include="frame_15_delay-0.06s.jpg">
      <Filter>Arquivos de Recurso</Filter>
    </Image>
    <Image Include="frame_14_delay-0.06s.jpg">
      <Filter>Arquivos de Recurso</Filter>
    </Image>
    <Image Include="frame_13_delay-0.06s.jpg">
      <Filter>Arquivos de Recurso</Filter>
    </Image>
    <Image Include="frame_12_delay-0.06s.jpg">
      <Filter>Arquivos de Recurso</Filter>
    </Image>
    <Image Include="frame_11_delay-0.06s.jpg">
      <Filter>Arquivos de Recurso</Filter>
    </Image>
    <Image Include="frame_10_delay-0.06s.jpg">
      <Filter>Arquivos de Recurso</Filter>
    </Image>
    <Image Include="frame_09_delay-0.06s.jpg">
      <Filter>Arquivos de Recurso</Filter>
    </Image>
    <Image Include="frame_08_delay-0.06s.jpg">
      <Filter>Arquivos de Recurso</Filter>
    </Image>
    <Image Include="frame_07_delay-0.06s.jpg">
      <Filter>Arquivos de Recurso</Filter>
    </Image>
    <Image Include="frame_06_delay-0.06s.jpg">
      <Filter>Arquivos de Recurso</Filter>
    </Image>
    <Image Include="frame_05_delay-0.06s.jpg">
      <Filter>Arquivos de Recurso</Filter>
    </Image>
    <Image Include="frame_04_delay-0.06s.jpg">
      <Filter>Arquivos de Recurso</Filter>
    </Image>
    <Image Include="frame_03_delay-0.06s.jpg">
      <Filter>Arquivos de Recurso</Filter>
    </Image>
    <Image Include="frame_02_delay-0.06s.jpg">
      <Filter>Arquivos de Recurso</Filter>
    </Image>
    <Image Include="frame_01_delay-0.06s.jpg">
      <Filter>Arquivos de Recurso</Filter>
    </Image>
    <Image Include="frame_00_delay-0.06s.jpg">
      <Filter>Arquivos de Recurso</Filter>
    </Image>
    <Image Include="frame_31_delay-0.08s.jpg">
      <Filter>Arquivos de Recurso</Filter>
    </Image>
    <Image Include="frame_30_delay-0.08s.jpg">
      <Filter>Arquivos de Recurso</Filter>
    </Image>
    <Image Include="frame_29_delay-0.08s.jpg">
      <Filter>Arquivos de Recurso</Filter>
    </Image>
    <Image Include="frame_28_delay-0.08s.jpg">
      <Filter>Arquivos de Recurso</Filter>
    </Image>
    <Image Include="frame_27_delay-0.08s.jpg">
      <Filter>Arquivos de Recurso</Filter>
    </Image>
    <Image Include="frame_26_delay-0.08s.jpg">
      <Filter>Arquivos de Recurso</Filter>
    </Image>
    <Image Include="frame_25_delay-0.08s.jpg">
      <Filter>Arquivos de Recurso</Filter>
    </Image>
    <Image Include="frame_24_delay-0.08s.jpg">
      <Filter>Arquivos de Recurso</Filter>
    </Image>
    <Image Include="frame_23_delay-0.08s.jpg">
      <Filter>Arquivos de Recurso</Filter>
    </Image>
    <Image Include="frame_22_delay-0.08s.jpg">
      <Filter>Arquivos de Recurso</Filter>
    </Image>
    <Image Include="frame_21_delay-0.08s.jpg">
      <Filter>Arquivos de Recurso</Filter>
    </Image>
    <Image Include="frame_20_delay-0.08s.jpg">
      <Filter>Arquivos de Recurso</Filter>
    </Image>
    <Image Include="frame_19_delay-0.08s.jpg">
      <Filter>Arquivos de Recurso</Filter>
    </Image>
    <Image Include="frame_18_delay-0.08s.jpg">
      <Filter>Arquivos de Recurso</Filter>
    </Image>
    <Image Include="frame_17_delay-0.08s.jpg">
      <Filter>Arquivos de Recurso</Filter>
    </Image>
    <Image Include="frame_16_delay-0.08s.jpg">
      <Filter>Arquivos de Recurso</Filter>
    </Image>
    <Image Include="frame_15_delay-0.08s.jpg">
      <Filter>Arquivos de Recurso</Filter>
    </Image>
    <Image Include="frame_14_delay-0.08s.jpg">
      <Filter>Arquivos de Recurso</Filter>
    </Image>
    <Image Include="frame_13_delay-0.08s.jpg">
      <Filter>Arquivos de Recurso</Filter>
    </Image>
    <Image Include="frame_12_delay-0.08s.jpg">
      <Filter>Arquivos de Recurso</Filter>
    </Image>
    <Image Include="frame_11_delay-0.08s.jpg">
      <Filter>Arquivos de Recurso</Filter>
    </Image>
    <Image Include="frame_10_delay-0.08s.jpg">
      <Filter>Arquivos de Recurso</Filter>
    </Image>
    <Image Include="frame_09_delay-0.08s.jpg">
      <Filter>Arquivos de Recurso</Filter>
    </Image>
    <Image Include="frame_08_delay-0.08s.jpg">
      <Filter>Arquivos de Recurso</Filter>
    </Image>
    <Image Include="frame_07_delay-0.08s.jpg">
      <Filter>Arquivos de Recurso</Filter>
    </Image>
    <Image Include="frame_06_delay-0.08s.jpg">
      <Filter>Arquivos de Recurso</Filter>
    </Image>
    <Image Include="frame_05_delay-0.08s.jpg">
      <Filter>Arquivos de Recurso</Filter>
    </Image>
    <Image Include="frame_04_delay-0.08s.jpg">
      <Filter>Arquivos de Recurso</Filter>
    </Image>
    <Image Include="frame_03_delay-0.08s.jpg">
      <Filter>Arquivos de Recurso</Filter>
    </Image>
    <Image Include="frame_02_delay-0.08s.jpg">
      <Filter>Arquivos de Recurso</Filter>
    </Image>
    <Image Include="frame_01_delay-0.08s.jpg">
      <Filter>Arquivos de Recurso</Filter>
    </Image>
    <Image Include="frame_00_delay-0.08s.jpg">
      <Filter>Arquivos de Recurso</Filter>
    </Image>
  </ItemGroup>
</Project>